// !$*UTF8*$!
{
	archiveVersion = 1;
	classes = {
	};
	objectVersion = 56;
	objects = {

/* Begin PBXBuildFile section */
		DD5878AA299934EB00F2174D /* iSpendApp.swift in Sources */ = {isa = PBXBuildFile; fileRef = DD5878A9299934EB00F2174D /* iSpendApp.swift */; };
		DD5878AC299934EB00F2174D /* ContentView.swift in Sources */ = {isa = PBXBuildFile; fileRef = DD5878AB299934EB00F2174D /* ContentView.swift */; };
		DD5878AE299934EC00F2174D /* Assets.xcassets in Resources */ = {isa = PBXBuildFile; fileRef = DD5878AD299934EC00F2174D /* Assets.xcassets */; };
		DD5878B2299934EC00F2174D /* Preview Assets.xcassets in Resources */ = {isa = PBXBuildFile; fileRef = DD5878B1299934EC00F2174D /* Preview Assets.xcassets */; };
		DD5878BA29993B4800F2174D /* CodableCSV in Frameworks */ = {isa = PBXBuildFile; productRef = DD5878B929993B4800F2174D /* CodableCSV */; };
		DD5878BC2999456200F2174D /* Currency.swift in Sources */ = {isa = PBXBuildFile; fileRef = DD5878BB2999456200F2174D /* Currency.swift */; };
		DD5878BE2999457B00F2174D /* Category.swift in Sources */ = {isa = PBXBuildFile; fileRef = DD5878BD2999457B00F2174D /* Category.swift */; };
		DD5878C02999458C00F2174D /* Priority.swift in Sources */ = {isa = PBXBuildFile; fileRef = DD5878BF2999458C00F2174D /* Priority.swift */; };
		DD5878C2299945B500F2174D /* FileManagment.swift in Sources */ = {isa = PBXBuildFile; fileRef = DD5878C1299945B500F2174D /* FileManagment.swift */; };
		DD5878C4299945C500F2174D /* Spending.swift in Sources */ = {isa = PBXBuildFile; fileRef = DD5878C3299945C500F2174D /* Spending.swift */; };
		DD5878C629997E1900F2174D /* SpendingsList.swift in Sources */ = {isa = PBXBuildFile; fileRef = DD5878C529997E1900F2174D /* SpendingsList.swift */; };
		DD5878C82999912D00F2174D /* Document.swift in Sources */ = {isa = PBXBuildFile; fileRef = DD5878C72999912D00F2174D /* Document.swift */; };
		DD5878D0299A91E500F2174D /* ShareViewController.swift in Sources */ = {isa = PBXBuildFile; fileRef = DD5878CF299A91E500F2174D /* ShareViewController.swift */; };
		DD5878D3299A91E500F2174D /* MainInterface.storyboard in Resources */ = {isa = PBXBuildFile; fileRef = DD5878D1299A91E500F2174D /* MainInterface.storyboard */; };
		DD5878D7299A91E500F2174D /* ShareTableExtension.appex in Embed Foundation Extensions */ = {isa = PBXBuildFile; fileRef = DD5878CD299A91E500F2174D /* ShareTableExtension.appex */; settings = {ATTRIBUTES = (RemoveHeadersOnCopy, ); }; };
/* End PBXBuildFile section */

/* Begin PBXContainerItemProxy section */
		DD5878D5299A91E500F2174D /* PBXContainerItemProxy */ = {
			isa = PBXContainerItemProxy;
			containerPortal = DD58789E299934EB00F2174D /* Project object */;
			proxyType = 1;
			remoteGlobalIDString = DD5878CC299A91E500F2174D;
			remoteInfo = ShareTableExtension;
		};
/* End PBXContainerItemProxy section */

/* Begin PBXCopyFilesBuildPhase section */
		DD5878D8299A91E500F2174D /* Embed Foundation Extensions */ = {
			isa = PBXCopyFilesBuildPhase;
			buildActionMask = 2147483647;
			dstPath = "";
			dstSubfolderSpec = 13;
			files = (
				DD5878D7299A91E500F2174D /* ShareTableExtension.appex in Embed Foundation Extensions */,
			);
			name = "Embed Foundation Extensions";
			runOnlyForDeploymentPostprocessing = 0;
		};
/* End PBXCopyFilesBuildPhase section */

/* Begin PBXFileReference section */
		DD5878A6299934EB00F2174D /* iSpend.app */ = {isa = PBXFileReference; explicitFileType = wrapper.application; includeInIndex = 0; path = iSpend.app; sourceTree = BUILT_PRODUCTS_DIR; };
		DD5878A9299934EB00F2174D /* iSpendApp.swift */ = {isa = PBXFileReference; lastKnownFileType = sourcecode.swift; path = iSpendApp.swift; sourceTree = "<group>"; };
		DD5878AB299934EB00F2174D /* ContentView.swift */ = {isa = PBXFileReference; lastKnownFileType = sourcecode.swift; path = ContentView.swift; sourceTree = "<group>"; };
		DD5878AD299934EC00F2174D /* Assets.xcassets */ = {isa = PBXFileReference; lastKnownFileType = folder.assetcatalog; path = Assets.xcassets; sourceTree = "<group>"; };
		DD5878AF299934EC00F2174D /* iSpend.entitlements */ = {isa = PBXFileReference; lastKnownFileType = text.plist.entitlements; path = iSpend.entitlements; sourceTree = "<group>"; };
		DD5878B1299934EC00F2174D /* Preview Assets.xcassets */ = {isa = PBXFileReference; lastKnownFileType = folder.assetcatalog; path = "Preview Assets.xcassets"; sourceTree = "<group>"; };
		DD5878BB2999456200F2174D /* Currency.swift */ = {isa = PBXFileReference; lastKnownFileType = sourcecode.swift; path = Currency.swift; sourceTree = "<group>"; };
		DD5878BD2999457B00F2174D /* Category.swift */ = {isa = PBXFileReference; lastKnownFileType = sourcecode.swift; path = Category.swift; sourceTree = "<group>"; };
		DD5878BF2999458C00F2174D /* Priority.swift */ = {isa = PBXFileReference; lastKnownFileType = sourcecode.swift; path = Priority.swift; sourceTree = "<group>"; };
		DD5878C1299945B500F2174D /* FileManagment.swift */ = {isa = PBXFileReference; lastKnownFileType = sourcecode.swift; path = FileManagment.swift; sourceTree = "<group>"; };
		DD5878C3299945C500F2174D /* Spending.swift */ = {isa = PBXFileReference; lastKnownFileType = sourcecode.swift; path = Spending.swift; sourceTree = "<group>"; };
		DD5878C529997E1900F2174D /* SpendingsList.swift */ = {isa = PBXFileReference; lastKnownFileType = sourcecode.swift; path = SpendingsList.swift; sourceTree = "<group>"; };
		DD5878C72999912D00F2174D /* Document.swift */ = {isa = PBXFileReference; lastKnownFileType = sourcecode.swift; path = Document.swift; sourceTree = "<group>"; };
		DD5878CD299A91E500F2174D /* ShareTableExtension.appex */ = {isa = PBXFileReference; explicitFileType = "wrapper.app-extension"; includeInIndex = 0; path = ShareTableExtension.appex; sourceTree = BUILT_PRODUCTS_DIR; };
		DD5878CF299A91E500F2174D /* ShareViewController.swift */ = {isa = PBXFileReference; lastKnownFileType = sourcecode.swift; path = ShareViewController.swift; sourceTree = "<group>"; };
		DD5878D2299A91E500F2174D /* Base */ = {isa = PBXFileReference; lastKnownFileType = file.storyboard; name = Base; path = Base.lproj/MainInterface.storyboard; sourceTree = "<group>"; };
		DD5878D4299A91E500F2174D /* Info.plist */ = {isa = PBXFileReference; lastKnownFileType = text.plist.xml; path = Info.plist; sourceTree = "<group>"; };
		DD5878DC299A94E100F2174D /* ShareTableExtension.entitlements */ = {isa = PBXFileReference; lastKnownFileType = text.plist.entitlements; path = ShareTableExtension.entitlements; sourceTree = "<group>"; };
/* End PBXFileReference section */

/* Begin PBXFrameworksBuildPhase section */
		DD5878A3299934EB00F2174D /* Frameworks */ = {
			isa = PBXFrameworksBuildPhase;
			buildActionMask = 2147483647;
			files = (
				DD5878BA29993B4800F2174D /* CodableCSV in Frameworks */,
			);
			runOnlyForDeploymentPostprocessing = 0;
		};
		DD5878CA299A91E500F2174D /* Frameworks */ = {
			isa = PBXFrameworksBuildPhase;
			buildActionMask = 2147483647;
			files = (
			);
			runOnlyForDeploymentPostprocessing = 0;
		};
/* End PBXFrameworksBuildPhase section */

/* Begin PBXGroup section */
		DD58789D299934EB00F2174D = {
			isa = PBXGroup;
			children = (
				DD5878A8299934EB00F2174D /* iSpend */,
				DD5878CE299A91E500F2174D /* ShareTableExtension */,
				DD5878A7299934EB00F2174D /* Products */,
			);
			sourceTree = "<group>";
		};
		DD5878A7299934EB00F2174D /* Products */ = {
			isa = PBXGroup;
			children = (
				DD5878A6299934EB00F2174D /* iSpend.app */,
				DD5878CD299A91E500F2174D /* ShareTableExtension.appex */,
			);
			name = Products;
			sourceTree = "<group>";
		};
		DD5878A8299934EB00F2174D /* iSpend */ = {
			isa = PBXGroup;
			children = (
				DD5878A9299934EB00F2174D /* iSpendApp.swift */,
				DD5878AB299934EB00F2174D /* ContentView.swift */,
				DD5878AD299934EC00F2174D /* Assets.xcassets */,
				DD5878AF299934EC00F2174D /* iSpend.entitlements */,
				DD5878B0299934EC00F2174D /* Preview Content */,
				DD5878BB2999456200F2174D /* Currency.swift */,
				DD5878BD2999457B00F2174D /* Category.swift */,
				DD5878BF2999458C00F2174D /* Priority.swift */,
				DD5878C1299945B500F2174D /* FileManagment.swift */,
				DD5878C3299945C500F2174D /* Spending.swift */,
				DD5878C529997E1900F2174D /* SpendingsList.swift */,
				DD5878C72999912D00F2174D /* Document.swift */,
			);
			path = iSpend;
			sourceTree = "<group>";
		};
		DD5878B0299934EC00F2174D /* Preview Content */ = {
			isa = PBXGroup;
			children = (
				DD5878B1299934EC00F2174D /* Preview Assets.xcassets */,
			);
			path = "Preview Content";
			sourceTree = "<group>";
		};
		DD5878CE299A91E500F2174D /* ShareTableExtension */ = {
			isa = PBXGroup;
			children = (
				DD5878DC299A94E100F2174D /* ShareTableExtension.entitlements */,
				DD5878CF299A91E500F2174D /* ShareViewController.swift */,
				DD5878D1299A91E500F2174D /* MainInterface.storyboard */,
				DD5878D4299A91E500F2174D /* Info.plist */,
			);
			path = ShareTableExtension;
			sourceTree = "<group>";
		};
/* End PBXGroup section */

/* Begin PBXNativeTarget section */
		DD5878A5299934EB00F2174D /* iSpend */ = {
			isa = PBXNativeTarget;
			buildConfigurationList = DD5878B5299934EC00F2174D /* Build configuration list for PBXNativeTarget "iSpend" */;
			buildPhases = (
				DD5878A2299934EB00F2174D /* Sources */,
				DD5878A3299934EB00F2174D /* Frameworks */,
				DD5878A4299934EB00F2174D /* Resources */,
				DD5878D8299A91E500F2174D /* Embed Foundation Extensions */,
			);
			buildRules = (
			);
			dependencies = (
				DD5878D6299A91E500F2174D /* PBXTargetDependency */,
			);
			name = iSpend;
			packageProductDependencies = (
				DD5878B929993B4800F2174D /* CodableCSV */,
			);
			productName = iSpend;
			productReference = DD5878A6299934EB00F2174D /* iSpend.app */;
			productType = "com.apple.product-type.application";
		};
		DD5878CC299A91E500F2174D /* ShareTableExtension */ = {
			isa = PBXNativeTarget;
			buildConfigurationList = DD5878DB299A91E500F2174D /* Build configuration list for PBXNativeTarget "ShareTableExtension" */;
			buildPhases = (
				DD5878C9299A91E500F2174D /* Sources */,
				DD5878CA299A91E500F2174D /* Frameworks */,
				DD5878CB299A91E500F2174D /* Resources */,
			);
			buildRules = (
			);
			dependencies = (
			);
			name = ShareTableExtension;
			productName = ShareTableExtension;
			productReference = DD5878CD299A91E500F2174D /* ShareTableExtension.appex */;
			productType = "com.apple.product-type.app-extension";
		};
/* End PBXNativeTarget section */

/* Begin PBXProject section */
		DD58789E299934EB00F2174D /* Project object */ = {
			isa = PBXProject;
			attributes = {
				BuildIndependentTargetsInParallel = 1;
				LastSwiftUpdateCheck = 1410;
				LastUpgradeCheck = 1410;
				TargetAttributes = {
					DD5878A5299934EB00F2174D = {
						CreatedOnToolsVersion = 14.1;
					};
					DD5878CC299A91E500F2174D = {
						CreatedOnToolsVersion = 14.1;
					};
				};
			};
			buildConfigurationList = DD5878A1299934EB00F2174D /* Build configuration list for PBXProject "iSpend" */;
			compatibilityVersion = "Xcode 14.0";
			developmentRegion = en;
			hasScannedForEncodings = 0;
			knownRegions = (
				en,
				Base,
			);
			mainGroup = DD58789D299934EB00F2174D;
			packageReferences = (
				DD5878B829993B4700F2174D /* XCRemoteSwiftPackageReference "CodableCSV" */,
			);
			productRefGroup = DD5878A7299934EB00F2174D /* Products */;
			projectDirPath = "";
			projectRoot = "";
			targets = (
				DD5878A5299934EB00F2174D /* iSpend */,
				DD5878CC299A91E500F2174D /* ShareTableExtension */,
			);
		};
/* End PBXProject section */

/* Begin PBXResourcesBuildPhase section */
		DD5878A4299934EB00F2174D /* Resources */ = {
			isa = PBXResourcesBuildPhase;
			buildActionMask = 2147483647;
			files = (
				DD5878B2299934EC00F2174D /* Preview Assets.xcassets in Resources */,
				DD5878AE299934EC00F2174D /* Assets.xcassets in Resources */,
			);
			runOnlyForDeploymentPostprocessing = 0;
		};
		DD5878CB299A91E500F2174D /* Resources */ = {
			isa = PBXResourcesBuildPhase;
			buildActionMask = 2147483647;
			files = (
				DD5878D3299A91E500F2174D /* MainInterface.storyboard in Resources */,
			);
			runOnlyForDeploymentPostprocessing = 0;
		};
/* End PBXResourcesBuildPhase section */

/* Begin PBXSourcesBuildPhase section */
		DD5878A2299934EB00F2174D /* Sources */ = {
			isa = PBXSourcesBuildPhase;
			buildActionMask = 2147483647;
			files = (
				DD5878C2299945B500F2174D /* FileManagment.swift in Sources */,
				DD5878BC2999456200F2174D /* Currency.swift in Sources */,
				DD5878AC299934EB00F2174D /* ContentView.swift in Sources */,
				DD5878AA299934EB00F2174D /* iSpendApp.swift in Sources */,
				DD5878C4299945C500F2174D /* Spending.swift in Sources */,
				DD5878C82999912D00F2174D /* Document.swift in Sources */,
				DD5878C629997E1900F2174D /* SpendingsList.swift in Sources */,
				DD5878C02999458C00F2174D /* Priority.swift in Sources */,
				DD5878BE2999457B00F2174D /* Category.swift in Sources */,
			);
			runOnlyForDeploymentPostprocessing = 0;
		};
		DD5878C9299A91E500F2174D /* Sources */ = {
			isa = PBXSourcesBuildPhase;
			buildActionMask = 2147483647;
			files = (
				DD5878D0299A91E500F2174D /* ShareViewController.swift in Sources */,
			);
			runOnlyForDeploymentPostprocessing = 0;
		};
/* End PBXSourcesBuildPhase section */

/* Begin PBXTargetDependency section */
		DD5878D6299A91E500F2174D /* PBXTargetDependency */ = {
			isa = PBXTargetDependency;
			target = DD5878CC299A91E500F2174D /* ShareTableExtension */;
			targetProxy = DD5878D5299A91E500F2174D /* PBXContainerItemProxy */;
		};
/* End PBXTargetDependency section */

/* Begin PBXVariantGroup section */
		DD5878D1299A91E500F2174D /* MainInterface.storyboard */ = {
			isa = PBXVariantGroup;
			children = (
				DD5878D2299A91E500F2174D /* Base */,
			);
			name = MainInterface.storyboard;
			sourceTree = "<group>";
		};
/* End PBXVariantGroup section */

/* Begin XCBuildConfiguration section */
		DD5878B3299934EC00F2174D /* Debug */ = {
			isa = XCBuildConfiguration;
			buildSettings = {
				ALWAYS_SEARCH_USER_PATHS = NO;
				CLANG_ANALYZER_NONNULL = YES;
				CLANG_ANALYZER_NUMBER_OBJECT_CONVERSION = YES_AGGRESSIVE;
				CLANG_CXX_LANGUAGE_STANDARD = "gnu++20";
				CLANG_ENABLE_MODULES = YES;
				CLANG_ENABLE_OBJC_ARC = YES;
				CLANG_ENABLE_OBJC_WEAK = YES;
				CLANG_WARN_BLOCK_CAPTURE_AUTORELEASING = YES;
				CLANG_WARN_BOOL_CONVERSION = YES;
				CLANG_WARN_COMMA = YES;
				CLANG_WARN_CONSTANT_CONVERSION = YES;
				CLANG_WARN_DEPRECATED_OBJC_IMPLEMENTATIONS = YES;
				CLANG_WARN_DIRECT_OBJC_ISA_USAGE = YES_ERROR;
				CLANG_WARN_DOCUMENTATION_COMMENTS = YES;
				CLANG_WARN_EMPTY_BODY = YES;
				CLANG_WARN_ENUM_CONVERSION = YES;
				CLANG_WARN_INFINITE_RECURSION = YES;
				CLANG_WARN_INT_CONVERSION = YES;
				CLANG_WARN_NON_LITERAL_NULL_CONVERSION = YES;
				CLANG_WARN_OBJC_IMPLICIT_RETAIN_SELF = YES;
				CLANG_WARN_OBJC_LITERAL_CONVERSION = YES;
				CLANG_WARN_OBJC_ROOT_CLASS = YES_ERROR;
				CLANG_WARN_QUOTED_INCLUDE_IN_FRAMEWORK_HEADER = YES;
				CLANG_WARN_RANGE_LOOP_ANALYSIS = YES;
				CLANG_WARN_STRICT_PROTOTYPES = YES;
				CLANG_WARN_SUSPICIOUS_MOVE = YES;
				CLANG_WARN_UNGUARDED_AVAILABILITY = YES_AGGRESSIVE;
				CLANG_WARN_UNREACHABLE_CODE = YES;
				CLANG_WARN__DUPLICATE_METHOD_MATCH = YES;
				COPY_PHASE_STRIP = NO;
				DEBUG_INFORMATION_FORMAT = dwarf;
				ENABLE_STRICT_OBJC_MSGSEND = YES;
				ENABLE_TESTABILITY = YES;
				GCC_C_LANGUAGE_STANDARD = gnu11;
				GCC_DYNAMIC_NO_PIC = NO;
				GCC_NO_COMMON_BLOCKS = YES;
				GCC_OPTIMIZATION_LEVEL = 0;
				GCC_PREPROCESSOR_DEFINITIONS = (
					"DEBUG=1",
					"$(inherited)",
				);
				GCC_WARN_64_TO_32_BIT_CONVERSION = YES;
				GCC_WARN_ABOUT_RETURN_TYPE = YES_ERROR;
				GCC_WARN_UNDECLARED_SELECTOR = YES;
				GCC_WARN_UNINITIALIZED_AUTOS = YES_AGGRESSIVE;
				GCC_WARN_UNUSED_FUNCTION = YES;
				GCC_WARN_UNUSED_VARIABLE = YES;
				MTL_ENABLE_DEBUG_INFO = INCLUDE_SOURCE;
				MTL_FAST_MATH = YES;
				ONLY_ACTIVE_ARCH = YES;
				SWIFT_ACTIVE_COMPILATION_CONDITIONS = DEBUG;
				SWIFT_OPTIMIZATION_LEVEL = "-Onone";
			};
			name = Debug;
		};
		DD5878B4299934EC00F2174D /* Release */ = {
			isa = XCBuildConfiguration;
			buildSettings = {
				ALWAYS_SEARCH_USER_PATHS = NO;
				CLANG_ANALYZER_NONNULL = YES;
				CLANG_ANALYZER_NUMBER_OBJECT_CONVERSION = YES_AGGRESSIVE;
				CLANG_CXX_LANGUAGE_STANDARD = "gnu++20";
				CLANG_ENABLE_MODULES = YES;
				CLANG_ENABLE_OBJC_ARC = YES;
				CLANG_ENABLE_OBJC_WEAK = YES;
				CLANG_WARN_BLOCK_CAPTURE_AUTORELEASING = YES;
				CLANG_WARN_BOOL_CONVERSION = YES;
				CLANG_WARN_COMMA = YES;
				CLANG_WARN_CONSTANT_CONVERSION = YES;
				CLANG_WARN_DEPRECATED_OBJC_IMPLEMENTATIONS = YES;
				CLANG_WARN_DIRECT_OBJC_ISA_USAGE = YES_ERROR;
				CLANG_WARN_DOCUMENTATION_COMMENTS = YES;
				CLANG_WARN_EMPTY_BODY = YES;
				CLANG_WARN_ENUM_CONVERSION = YES;
				CLANG_WARN_INFINITE_RECURSION = YES;
				CLANG_WARN_INT_CONVERSION = YES;
				CLANG_WARN_NON_LITERAL_NULL_CONVERSION = YES;
				CLANG_WARN_OBJC_IMPLICIT_RETAIN_SELF = YES;
				CLANG_WARN_OBJC_LITERAL_CONVERSION = YES;
				CLANG_WARN_OBJC_ROOT_CLASS = YES_ERROR;
				CLANG_WARN_QUOTED_INCLUDE_IN_FRAMEWORK_HEADER = YES;
				CLANG_WARN_RANGE_LOOP_ANALYSIS = YES;
				CLANG_WARN_STRICT_PROTOTYPES = YES;
				CLANG_WARN_SUSPICIOUS_MOVE = YES;
				CLANG_WARN_UNGUARDED_AVAILABILITY = YES_AGGRESSIVE;
				CLANG_WARN_UNREACHABLE_CODE = YES;
				CLANG_WARN__DUPLICATE_METHOD_MATCH = YES;
				COPY_PHASE_STRIP = NO;
				DEBUG_INFORMATION_FORMAT = "dwarf-with-dsym";
				ENABLE_NS_ASSERTIONS = NO;
				ENABLE_STRICT_OBJC_MSGSEND = YES;
				GCC_C_LANGUAGE_STANDARD = gnu11;
				GCC_NO_COMMON_BLOCKS = YES;
				GCC_WARN_64_TO_32_BIT_CONVERSION = YES;
				GCC_WARN_ABOUT_RETURN_TYPE = YES_ERROR;
				GCC_WARN_UNDECLARED_SELECTOR = YES;
				GCC_WARN_UNINITIALIZED_AUTOS = YES_AGGRESSIVE;
				GCC_WARN_UNUSED_FUNCTION = YES;
				GCC_WARN_UNUSED_VARIABLE = YES;
				MTL_ENABLE_DEBUG_INFO = NO;
				MTL_FAST_MATH = YES;
				SWIFT_COMPILATION_MODE = wholemodule;
				SWIFT_OPTIMIZATION_LEVEL = "-O";
			};
			name = Release;
		};
		DD5878B6299934EC00F2174D /* Debug */ = {
			isa = XCBuildConfiguration;
			buildSettings = {
				ALWAYS_EMBED_SWIFT_STANDARD_LIBRARIES = YES;
				ASSETCATALOG_COMPILER_APPICON_NAME = AppIcon;
				ASSETCATALOG_COMPILER_GLOBAL_ACCENT_COLOR_NAME = AccentColor;
				CODE_SIGN_ENTITLEMENTS = iSpend/iSpend.entitlements;
				CODE_SIGN_STYLE = Automatic;
				CURRENT_PROJECT_VERSION = 1;
				DEVELOPMENT_ASSET_PATHS = "\"iSpend/Preview Content\"";
				DEVELOPMENT_TEAM = N7XPLA95Y2;
				ENABLE_HARDENED_RUNTIME = YES;
				ENABLE_PREVIEWS = YES;
				GENERATE_INFOPLIST_FILE = YES;
				"INFOPLIST_KEY_UIApplicationSceneManifest_Generation[sdk=iphoneos*]" = YES;
				"INFOPLIST_KEY_UIApplicationSceneManifest_Generation[sdk=iphonesimulator*]" = YES;
				"INFOPLIST_KEY_UIApplicationSupportsIndirectInputEvents[sdk=iphoneos*]" = YES;
				"INFOPLIST_KEY_UIApplicationSupportsIndirectInputEvents[sdk=iphonesimulator*]" = YES;
				"INFOPLIST_KEY_UILaunchScreen_Generation[sdk=iphoneos*]" = YES;
				"INFOPLIST_KEY_UILaunchScreen_Generation[sdk=iphonesimulator*]" = YES;
				"INFOPLIST_KEY_UIStatusBarStyle[sdk=iphoneos*]" = UIStatusBarStyleDefault;
				"INFOPLIST_KEY_UIStatusBarStyle[sdk=iphonesimulator*]" = UIStatusBarStyleDefault;
				INFOPLIST_KEY_UISupportedInterfaceOrientations_iPad = "UIInterfaceOrientationPortrait UIInterfaceOrientationPortraitUpsideDown UIInterfaceOrientationLandscapeLeft UIInterfaceOrientationLandscapeRight";
				INFOPLIST_KEY_UISupportedInterfaceOrientations_iPhone = "UIInterfaceOrientationPortrait UIInterfaceOrientationLandscapeLeft UIInterfaceOrientationLandscapeRight";
				IPHONEOS_DEPLOYMENT_TARGET = 16.1;
				LD_RUNPATH_SEARCH_PATHS = "@executable_path/Frameworks";
				"LD_RUNPATH_SEARCH_PATHS[sdk=macosx*]" = "@executable_path/../Frameworks";
				MACOSX_DEPLOYMENT_TARGET = 13.0;
				MARKETING_VERSION = 1.0;
				PRODUCT_BUNDLE_IDENTIFIER = de.jonas.iSpend;
				PRODUCT_NAME = "$(TARGET_NAME)";
				SDKROOT = auto;
				SUPPORTED_PLATFORMS = "iphoneos iphonesimulator macosx";
				SWIFT_EMIT_LOC_STRINGS = YES;
				SWIFT_VERSION = 5.0;
				TARGETED_DEVICE_FAMILY = "1,2";
			};
			name = Debug;
		};
		DD5878B7299934EC00F2174D /* Release */ = {
			isa = XCBuildConfiguration;
			buildSettings = {
				ALWAYS_EMBED_SWIFT_STANDARD_LIBRARIES = YES;
				ASSETCATALOG_COMPILER_APPICON_NAME = AppIcon;
				ASSETCATALOG_COMPILER_GLOBAL_ACCENT_COLOR_NAME = AccentColor;
				CODE_SIGN_ENTITLEMENTS = iSpend/iSpend.entitlements;
				CODE_SIGN_STYLE = Automatic;
				CURRENT_PROJECT_VERSION = 1;
				DEVELOPMENT_ASSET_PATHS = "\"iSpend/Preview Content\"";
				DEVELOPMENT_TEAM = N7XPLA95Y2;
				ENABLE_HARDENED_RUNTIME = YES;
				ENABLE_PREVIEWS = YES;
				GENERATE_INFOPLIST_FILE = YES;
				"INFOPLIST_KEY_UIApplicationSceneManifest_Generation[sdk=iphoneos*]" = YES;
				"INFOPLIST_KEY_UIApplicationSceneManifest_Generation[sdk=iphonesimulator*]" = YES;
				"INFOPLIST_KEY_UIApplicationSupportsIndirectInputEvents[sdk=iphoneos*]" = YES;
				"INFOPLIST_KEY_UIApplicationSupportsIndirectInputEvents[sdk=iphonesimulator*]" = YES;
				"INFOPLIST_KEY_UILaunchScreen_Generation[sdk=iphoneos*]" = YES;
				"INFOPLIST_KEY_UILaunchScreen_Generation[sdk=iphonesimulator*]" = YES;
				"INFOPLIST_KEY_UIStatusBarStyle[sdk=iphoneos*]" = UIStatusBarStyleDefault;
				"INFOPLIST_KEY_UIStatusBarStyle[sdk=iphonesimulator*]" = UIStatusBarStyleDefault;
				INFOPLIST_KEY_UISupportedInterfaceOrientations_iPad = "UIInterfaceOrientationPortrait UIInterfaceOrientationPortraitUpsideDown UIInterfaceOrientationLandscapeLeft UIInterfaceOrientationLandscapeRight";
				INFOPLIST_KEY_UISupportedInterfaceOrientations_iPhone = "UIInterfaceOrientationPortrait UIInterfaceOrientationLandscapeLeft UIInterfaceOrientationLandscapeRight";
				IPHONEOS_DEPLOYMENT_TARGET = 16.1;
				LD_RUNPATH_SEARCH_PATHS = "@executable_path/Frameworks";
				"LD_RUNPATH_SEARCH_PATHS[sdk=macosx*]" = "@executable_path/../Frameworks";
				MACOSX_DEPLOYMENT_TARGET = 13.0;
				MARKETING_VERSION = 1.0;
				PRODUCT_BUNDLE_IDENTIFIER = de.jonas.iSpend;
				PRODUCT_NAME = "$(TARGET_NAME)";
				SDKROOT = auto;
				SUPPORTED_PLATFORMS = "iphoneos iphonesimulator macosx";
				SWIFT_EMIT_LOC_STRINGS = YES;
				SWIFT_VERSION = 5.0;
				TARGETED_DEVICE_FAMILY = "1,2";
			};
			name = Release;
		};
		DD5878D9299A91E500F2174D /* Debug */ = {
			isa = XCBuildConfiguration;
			buildSettings = {
				CODE_SIGN_ENTITLEMENTS = ShareTableExtension/ShareTableExtension.entitlements;
				CODE_SIGN_STYLE = Automatic;
				CURRENT_PROJECT_VERSION = 1;
				DEVELOPMENT_TEAM = N7XPLA95Y2;
				GENERATE_INFOPLIST_FILE = YES;
				INFOPLIST_FILE = ShareTableExtension/Info.plist;
				INFOPLIST_KEY_CFBundleDisplayName = ShareTableExtension;
				INFOPLIST_KEY_NSHumanReadableCopyright = "";
				IPHONEOS_DEPLOYMENT_TARGET = 16.1;
				LD_RUNPATH_SEARCH_PATHS = (
					"$(inherited)",
					"@executable_path/Frameworks",
					"@executable_path/../../Frameworks",
				);
				MARKETING_VERSION = 1.0;
				PRODUCT_BUNDLE_IDENTIFIER = de.jonas.iSpend.ShareTableExtension;
				PRODUCT_NAME = "$(TARGET_NAME)";
				SDKROOT = iphoneos;
				SKIP_INSTALL = YES;
				SWIFT_EMIT_LOC_STRINGS = YES;
				SWIFT_VERSION = 5.0;
				TARGETED_DEVICE_FAMILY = "1,2";
			};
			name = Debug;
		};
		DD5878DA299A91E500F2174D /* Release */ = {
			isa = XCBuildConfiguration;
			buildSettings = {
				CODE_SIGN_ENTITLEMENTS = ShareTableExtension/ShareTableExtension.entitlements;
				CODE_SIGN_STYLE = Automatic;
				CURRENT_PROJECT_VERSION = 1;
				DEVELOPMENT_TEAM = N7XPLA95Y2;
				GENERATE_INFOPLIST_FILE = YES;
				INFOPLIST_FILE = ShareTableExtension/Info.plist;
				INFOPLIST_KEY_CFBundleDisplayName = ShareTableExtension;
				INFOPLIST_KEY_NSHumanReadableCopyright = "";
				IPHONEOS_DEPLOYMENT_TARGET = 16.1;
				LD_RUNPATH_SEARCH_PATHS = (
					"$(inherited)",
					"@executable_path/Frameworks",
					"@executable_path/../../Frameworks",
				);
				MARKETING_VERSION = 1.0;
				PRODUCT_BUNDLE_IDENTIFIER = de.jonas.iSpend.ShareTableExtension;
				PRODUCT_NAME = "$(TARGET_NAME)";
				SDKROOT = iphoneos;
				SKIP_INSTALL = YES;
				SWIFT_EMIT_LOC_STRINGS = YES;
				SWIFT_VERSION = 5.0;
				TARGETED_DEVICE_FAMILY = "1,2";
				VALIDATE_PRODUCT = YES;
			};
			name = Release;
		};
/* End XCBuildConfiguration section */

/* Begin XCConfigurationList section */
		DD5878A1299934EB00F2174D /* Build configuration list for PBXProject "iSpend" */ = {
			isa = XCConfigurationList;
			buildConfigurations = (
				DD5878B3299934EC00F2174D /* Debug */,
				DD5878B4299934EC00F2174D /* Release */,
			);
			defaultConfigurationIsVisible = 0;
			defaultConfigurationName = Release;
		};
		DD5878B5299934EC00F2174D /* Build configuration list for PBXNativeTarget "iSpend" */ = {
			isa = XCConfigurationList;
			buildConfigurations = (
				DD5878B6299934EC00F2174D /* Debug */,
				DD5878B7299934EC00F2174D /* Release */,
			);
			defaultConfigurationIsVisible = 0;
			defaultConfigurationName = Release;
		};
		DD5878DB299A91E500F2174D /* Build configuration list for PBXNativeTarget "ShareTableExtension" */ = {
			isa = XCConfigurationList;
			buildConfigurations = (
				DD5878D9299A91E500F2174D /* Debug */,
				DD5878DA299A91E500F2174D /* Release */,
			);
			defaultConfigurationIsVisible = 0;
			defaultConfigurationName = Release;
		};
/* End XCConfigurationList section */

/* Begin XCRemoteSwiftPackageReference section */
		DD5878B829993B4700F2174D /* XCRemoteSwiftPackageReference "CodableCSV" */ = {
			isa = XCRemoteSwiftPackageReference;
			repositoryURL = "https://github.com/dehesa/CodableCSV.git";
			requirement = {
				kind = upToNextMajorVersion;
				minimumVersion = 0.6.7;
			};
		};
/* End XCRemoteSwiftPackageReference section */

/* Begin XCSwiftPackageProductDependency section */
		DD5878B929993B4800F2174D /* CodableCSV */ = {
			isa = XCSwiftPackageProductDependency;
			package = DD5878B829993B4700F2174D /* XCRemoteSwiftPackageReference "CodableCSV" */;
			productName = CodableCSV;
		};
/* End XCSwiftPackageProductDependency section */
	};
	rootObject = DD58789E299934EB00F2174D /* Project object */;
}
